
Microsoft Visual Studio Solution File, Format Version 12.00
# Visual Studio Version 16
VisualStudioVersion = 16.0.29209.62
MinimumVisualStudioVersion = 10.0.40219.1
Project("{FAE04EC0-301F-11D3-BF4B-00C04F79EFBC}") = "BlogDemo", "BlogDemo\BlogDemo.csproj", "{3BA03AC2-F465-481B-99B1-45DF922AC060}"
EndProject
Global
	GlobalSection(SolutionConfigurationPlatforms) = preSolution
		Debug|Any CPU = Debug|Any CPU
		Release|Any CPU = Release|Any CPU
	EndGlobalSection
	GlobalSection(ProjectConfigurationPlatforms) = postSolution
		{3BA03AC2-F465-481B-99B1-45DF922AC060}.Debug|Any CPU.ActiveCfg = Debug|Any CPU
		{3BA03AC2-F465-481B-99B1-45DF922AC060}.Debug|Any CPU.Build.0 = Debug|Any CPU
		{3BA03AC2-F465-481B-99B1-45DF922AC060}.Release|Any CPU.ActiveCfg = Release|Any CPU
		{3BA03AC2-F465-481B-99B1-45DF922AC060}.Release|Any CPU.Build.0 = Release|Any CPU
	EndGlobalSection
	GlobalSection(SolutionProperties) = preSolution
		HideSolutionNode = FALSE
	EndGlobalSection
	GlobalSection(ExtensibilityGlobals) = postSolution
		SolutionGuid = {65442B68-3C22-43A8-9B4C-7538C6B57281}
	EndGlobalSection
EndGlobal
